
Microsoft Visual Studio Solution File, Format Version 12.00
# Visual Studio Version 17
VisualStudioVersion = 17.12.35527.113 d17.12
MinimumVisualStudioVersion = 10.0.40219.1
Project("{FAE04EC0-301F-11D3-BF4B-00C04F79EFBC}") = "Interface_App", "Interface_App\Interface_App.csproj", "{CE88814D-683E-4782-B1FC-35030F397540}"
EndProject
Global
	GlobalSection(SolutionConfigurationPlatforms) = preSolution
		Debug|Any CPU = Debug|Any CPU
		Release|Any CPU = Release|Any CPU
	EndGlobalSection
	GlobalSection(ProjectConfigurationPlatforms) = postSolution
		{CE88814D-683E-4782-B1FC-35030F397540}.Debug|Any CPU.ActiveCfg = Debug|Any CPU
		{CE88814D-683E-4782-B1FC-35030F397540}.Debug|Any CPU.Build.0 = Debug|Any CPU
		{CE88814D-683E-4782-B1FC-35030F397540}.Release|Any CPU.ActiveCfg = Release|Any CPU
		{CE88814D-683E-4782-B1FC-35030F397540}.Release|Any CPU.Build.0 = Release|Any CPU
	EndGlobalSection
	GlobalSection(SolutionProperties) = preSolution
		HideSolutionNode = FALSE
	EndGlobalSection
EndGlobal
